
Microsoft Visual Studio Solution File, Format Version 12.00
# Visual Studio 15
Project("{FAE04EC0-301F-11D3-BF4B-00C04F79EFBC}") = "Koentti", "Koentti\Koentti.csproj", "{081C6BAE-4DA7-4021-937A-D720664CEB74}"
EndProject
Global
	GlobalSection(SolutionConfigurationPlatforms) = preSolution
		Debug|x86 = Debug|x86
		Release|x86 = Release|x86
	EndGlobalSection
	GlobalSection(ProjectConfigurationPlatforms) = postSolution
		{081C6BAE-4DA7-4021-937A-D720664CEB74}.Debug|x86.ActiveCfg = Debug|x86
		{081C6BAE-4DA7-4021-937A-D720664CEB74}.Debug|x86.Build.0 = Debug|x86
		{081C6BAE-4DA7-4021-937A-D720664CEB74}.Release|x86.ActiveCfg = Release|x86
		{081C6BAE-4DA7-4021-937A-D720664CEB74}.Release|x86.Build.0 = Release|x86
	EndGlobalSection
EndGlobal
